
Microsoft Visual Studio Solution File, Format Version 12.00
# Visual Studio Version 16
VisualStudioVersion = 16.0.31702.278
MinimumVisualStudioVersion = 10.0.40219.1
Project("{2150E333-8FDC-42A3-9474-1A3956D46DE8}") = "notes", "notes", "{6AB5F42D-F757-4CCB-9F00-7634BDAFCC22}"
	ProjectSection(SolutionItems) = preProject
		GitCommits.txt = GitCommits.txt
	EndProjectSection
EndProject
Project("{2150E333-8FDC-42A3-9474-1A3956D46DE8}") = "src", "src", "{FF84C7C3-7F2E-49D2-A7CB-30DE20AB3794}"
EndProject
Project("{2150E333-8FDC-42A3-9474-1A3956D46DE8}") = "Services", "Services", "{D5CD828E-A5B6-427A-824C-B9BDBD8617E0}"
EndProject
Project("{2150E333-8FDC-42A3-9474-1A3956D46DE8}") = "Application", "Application", "{B61BEE43-90BF-4DE0-B609-C960EC2E795B}"
EndProject
Project("{2150E333-8FDC-42A3-9474-1A3956D46DE8}") = "Domain", "Domain", "{8F4012F3-C759-4577-80BA-E5920AC5425F}"
EndProject
Project("{2150E333-8FDC-42A3-9474-1A3956D46DE8}") = "Infrastructure.General", "Infrastructure.General", "{F732BBFD-2048-4995-8200-54BDB79DE149}"
EndProject
Project("{2150E333-8FDC-42A3-9474-1A3956D46DE8}") = "Infrastructure.Persistence", "Infrastructure.Persistence", "{40DA11BD-DC3C-45CD-B9BC-403E1AAE84CA}"
EndProject
Project("{FAE04EC0-301F-11D3-BF4B-00C04F79EFBC}") = "Identity.Domain", "src\Identity.Domain\Identity.Domain.csproj", "{BEC6B763-51ED-4C8D-A882-B80567B99C73}"
EndProject
Project("{FAE04EC0-301F-11D3-BF4B-00C04F79EFBC}") = "Identity.WebAPI", "src\Identity.WebAPI\Identity.WebAPI.csproj", "{0E0CFA91-0B95-45C8-8B66-ADD524B5CD60}"
EndProject
Project("{2150E333-8FDC-42A3-9474-1A3956D46DE8}") = "tests", "tests", "{AFDA0212-E3A8-4565-8AF7-8AC39EF673B5}"
EndProject
Project("{2150E333-8FDC-42A3-9474-1A3956D46DE8}") = "UnitTests", "UnitTests", "{053A96AD-2AB7-4F34-B12F-C5B1565A2A0B}"
EndProject
Project("{2150E333-8FDC-42A3-9474-1A3956D46DE8}") = "IntegrationTests", "IntegrationTests", "{7DF2256D-90FE-4117-B7CA-85588FB5AEA2}"
EndProject
Project("{2150E333-8FDC-42A3-9474-1A3956D46DE8}") = "EndToEndTests", "EndToEndTests", "{10C75318-EB21-439E-A8D3-29A0D00D5C17}"
EndProject
Project("{FAE04EC0-301F-11D3-BF4B-00C04F79EFBC}") = "Indentity.UnitTests", "tests\Indentity.UnitTests\Indentity.UnitTests.csproj", "{01215884-9E2C-43F0-91B5-C0C6AA0D52EA}"
EndProject
Project("{FAE04EC0-301F-11D3-BF4B-00C04F79EFBC}") = "Identity.Application", "src\Identity.Application\Identity.Application.csproj", "{CE4465D0-4F19-4973-BE9D-D29FF45C24B6}"
EndProject
Global
	GlobalSection(SolutionConfigurationPlatforms) = preSolution
		Debug|Any CPU = Debug|Any CPU
		Release|Any CPU = Release|Any CPU
	EndGlobalSection
	GlobalSection(ProjectConfigurationPlatforms) = postSolution
		{BEC6B763-51ED-4C8D-A882-B80567B99C73}.Debug|Any CPU.ActiveCfg = Debug|Any CPU
		{BEC6B763-51ED-4C8D-A882-B80567B99C73}.Debug|Any CPU.Build.0 = Debug|Any CPU
		{BEC6B763-51ED-4C8D-A882-B80567B99C73}.Release|Any CPU.ActiveCfg = Release|Any CPU
		{BEC6B763-51ED-4C8D-A882-B80567B99C73}.Release|Any CPU.Build.0 = Release|Any CPU
		{0E0CFA91-0B95-45C8-8B66-ADD524B5CD60}.Debug|Any CPU.ActiveCfg = Debug|Any CPU
		{0E0CFA91-0B95-45C8-8B66-ADD524B5CD60}.Debug|Any CPU.Build.0 = Debug|Any CPU
		{0E0CFA91-0B95-45C8-8B66-ADD524B5CD60}.Release|Any CPU.ActiveCfg = Release|Any CPU
		{0E0CFA91-0B95-45C8-8B66-ADD524B5CD60}.Release|Any CPU.Build.0 = Release|Any CPU
		{01215884-9E2C-43F0-91B5-C0C6AA0D52EA}.Debug|Any CPU.ActiveCfg = Debug|Any CPU
		{01215884-9E2C-43F0-91B5-C0C6AA0D52EA}.Debug|Any CPU.Build.0 = Debug|Any CPU
		{01215884-9E2C-43F0-91B5-C0C6AA0D52EA}.Release|Any CPU.ActiveCfg = Release|Any CPU
		{01215884-9E2C-43F0-91B5-C0C6AA0D52EA}.Release|Any CPU.Build.0 = Release|Any CPU
		{CE4465D0-4F19-4973-BE9D-D29FF45C24B6}.Debug|Any CPU.ActiveCfg = Debug|Any CPU
		{CE4465D0-4F19-4973-BE9D-D29FF45C24B6}.Debug|Any CPU.Build.0 = Debug|Any CPU
		{CE4465D0-4F19-4973-BE9D-D29FF45C24B6}.Release|Any CPU.ActiveCfg = Release|Any CPU
		{CE4465D0-4F19-4973-BE9D-D29FF45C24B6}.Release|Any CPU.Build.0 = Release|Any CPU
	EndGlobalSection
	GlobalSection(SolutionProperties) = preSolution
		HideSolutionNode = FALSE
	EndGlobalSection
	GlobalSection(NestedProjects) = preSolution
		{D5CD828E-A5B6-427A-824C-B9BDBD8617E0} = {FF84C7C3-7F2E-49D2-A7CB-30DE20AB3794}
		{B61BEE43-90BF-4DE0-B609-C960EC2E795B} = {FF84C7C3-7F2E-49D2-A7CB-30DE20AB3794}
		{8F4012F3-C759-4577-80BA-E5920AC5425F} = {FF84C7C3-7F2E-49D2-A7CB-30DE20AB3794}
		{F732BBFD-2048-4995-8200-54BDB79DE149} = {FF84C7C3-7F2E-49D2-A7CB-30DE20AB3794}
		{40DA11BD-DC3C-45CD-B9BC-403E1AAE84CA} = {FF84C7C3-7F2E-49D2-A7CB-30DE20AB3794}
		{BEC6B763-51ED-4C8D-A882-B80567B99C73} = {8F4012F3-C759-4577-80BA-E5920AC5425F}
		{0E0CFA91-0B95-45C8-8B66-ADD524B5CD60} = {D5CD828E-A5B6-427A-824C-B9BDBD8617E0}
		{053A96AD-2AB7-4F34-B12F-C5B1565A2A0B} = {AFDA0212-E3A8-4565-8AF7-8AC39EF673B5}
		{7DF2256D-90FE-4117-B7CA-85588FB5AEA2} = {AFDA0212-E3A8-4565-8AF7-8AC39EF673B5}
		{10C75318-EB21-439E-A8D3-29A0D00D5C17} = {AFDA0212-E3A8-4565-8AF7-8AC39EF673B5}
		{01215884-9E2C-43F0-91B5-C0C6AA0D52EA} = {053A96AD-2AB7-4F34-B12F-C5B1565A2A0B}
		{CE4465D0-4F19-4973-BE9D-D29FF45C24B6} = {B61BEE43-90BF-4DE0-B609-C960EC2E795B}
	EndGlobalSection
	GlobalSection(ExtensibilityGlobals) = postSolution
		SolutionGuid = {79099CD0-2F00-4A1F-8C7B-57DB8357B245}
	EndGlobalSection
EndGlobal
